{
  "nodes": {
    "agent-skills": {
      "inputs": {
        "home-manager": "home-manager",
        "nixpkgs": "nixpkgs"
      },
      "locked": {
        "lastModified": 1769944375,
        "narHash": "sha256-TmTyQvFz8rNCwN8MQZGFtgFGdJANF6P6nbxVOjQvpME=",
        "owner": "Kyure-A",
        "repo": "agent-skills-nix",
        "rev": "bb2fc09cd0152867bd548422e66f4738b081d719",
        "type": "github"
      },
      "original": {
        "owner": "Kyure-A",
        "repo": "agent-skills-nix",
        "type": "github"
      }
    },
    "anthropic-skills": {
      "flake": false,
      "locked": {
        "lastModified": 1770171633,
        "narHash": "sha256-8tANLG91vLbC30IFpEakPBN9bUjJJldpvX28w9e9y80=",
        "owner": "anthropics",
        "repo": "skills",
        "rev": "a5bcdd7e58cdff48566bf876f0a72a2008dcefbc",
        "type": "github"
      },
      "original": {
        "owner": "anthropics",
        "repo": "skills",
        "type": "github"
      }
    },
    "home-manager": {
      "inputs": {
        "nixpkgs": [
          "agent-skills",
          "nixpkgs"
        ]
      },
      "locked": {
        "lastModified": 1766387499,
        "narHash": "sha256-AjK3/UKDzeXFeYNLVBaJ3+HLE9he1g5UrlNd4/BM3eA=",
        "owner": "nix-community",
        "repo": "home-manager",
        "rev": "527ad07e6625302b648ed3b28c34b62a79bd103e",
        "type": "github"
      },
      "original": {
        "owner": "nix-community",
        "repo": "home-manager",
        "type": "github"
      }
    },
    "nixpkgs": {
      "locked": {
        "lastModified": 1766309749,
        "narHash": "sha256-3xY8CZ4rSnQ0NqGhMKAy5vgC+2IVK0NoVEzDoOh4DA4=",
        "owner": "NixOS",
        "repo": "nixpkgs",
        "rev": "a6531044f6d0bef691ea18d4d4ce44d0daa6e816",
        "type": "github"
      },
      "original": {
        "owner": "NixOS",
        "ref": "nixos-unstable",
        "repo": "nixpkgs",
        "type": "github"
      }
    },
    "nixpkgs_2": {
      "locked": {
        "lastModified": 1770115704,
        "narHash": "sha256-KHFT9UWOF2yRPlAnSXQJh6uVcgNcWlFqqiAZ7OVlHNc=",
        "rev": "e6eae2ee2110f3d31110d5c222cd395303343b08",
        "revCount": 939624,
        "type": "tarball",
        "url": "https://api.flakehub.com/f/pinned/NixOS/nixpkgs/0.1.939624%2Brev-e6eae2ee2110f3d31110d5c222cd395303343b08/019c240d-29c9-709e-9b55-b0dc6858b20b/source.tar.gz"
      },
      "original": {
        "type": "tarball",
        "url": "https://flakehub.com/f/NixOS/nixpkgs/0.1"
      }
    },
    "root": {
      "inputs": {
        "agent-skills": "agent-skills",
        "anthropic-skills": "anthropic-skills",
        "nixpkgs": "nixpkgs_2"
      }
    }
  },
  "root": "root",
  "version": 7
}
